// !$*UTF8*$!
{
	archiveVersion = 1;
	classes = {
	};
	objectVersion = 56;
	objects = {

/* Begin PBXBuildFile section */
		100A62C3ABF776F5B82A25C3 /* CameraView.swift in Sources */ = {isa = PBXBuildFile; fileRef = 31DC4D06C500D1FFE7E1F2C0 /* CameraView.swift */; };
		B300CFD92606F9E100000001 /* Assets.xcassets in Resources */ = {isa = PBXBuildFile; fileRef = B300CFD82606F9E100000001 /* Assets.xcassets */; };
		B300CFDA2606F9E100000003 /* BelfioreCodes.json in Resources */ = {isa = PBXBuildFile; fileRef = B300CFD92606F9E100000003 /* BelfioreCodes.json */; };
		7C1230CF4FAA99FC1899B882 /* Scanner.swift in Sources */ = {isa = PBXBuildFile; fileRef = 348691AB3151589787C27FCF /* Scanner.swift */; };
		A235FA3C671ABDA748EF11B8 /* Parser.swift in Sources */ = {isa = PBXBuildFile; fileRef = CB08DD3B4A04143C59BECFC4 /* Parser.swift */; };
		B200CFD82606F9E100000000 /* BelfioreCodes.swift in Sources */ = {isa = PBXBuildFile; fileRef = B200CFD72606F9E100000000 /* BelfioreCodes.swift */; };
		BEEE78DAB9C9827BBD252317 /* App.swift in Sources */ = {isa = PBXBuildFile; fileRef = EECF55C8D9B50305D41C50DC /* App.swift */; };
		DA3B398D926110DE8DE85FBE /* MainView.swift in Sources */ = {isa = PBXBuildFile; fileRef = 8E14E9594A7E82BF6D614A05 /* MainView.swift */; };
		F1A2B3C4D5E6F708192A3B4C /* ZoomableImageWrapper.swift in Sources */ = {isa = PBXBuildFile; fileRef = F1A2B3C4D5E6F708192A3B4D /* ZoomableImageWrapper.swift */; };
		F2B3C4D5E6F708192A3B4C5D /* UpdateInstaller.swift in Sources */ = {isa = PBXBuildFile; fileRef = F2B3C4D5E6F708192A3B4C5E /* UpdateInstaller.swift */; };
		C3D4E5F60718293A4B5C6D7E /* countdown.wav in Resources */ = {isa = PBXBuildFile; fileRef = C3D4E5F60718293A4B5C6D7F /* countdown.wav */; };
/* End PBXBuildFile section */

/* Begin PBXFileReference section */
		31DC4D06C500D1FFE7E1F2C0 /* CameraView.swift */ = {isa = PBXFileReference; lastKnownFileType = sourcecode.swift; path = CameraView.swift; sourceTree = "<group>"; };
		348691AB3151589787C27FCF /* Scanner.swift */ = {isa = PBXFileReference; lastKnownFileType = sourcecode.swift; path = Scanner.swift; sourceTree = "<group>"; };
		866C48AEA1A9E5053496971D /* Info.plist */ = {isa = PBXFileReference; lastKnownFileType = text.plist.xml; path = Info.plist; sourceTree = "<group>"; };
		8E14E9594A7E82BF6D614A05 /* MainView.swift */ = {isa = PBXFileReference; lastKnownFileType = sourcecode.swift; path = MainView.swift; sourceTree = "<group>"; };
		C7EB7E16AEB5926C1DAB2180 /* ScanID.app */ = {isa = PBXFileReference; explicitFileType = wrapper.application; includeInIndex = 0; path = ScanID.app; sourceTree = BUILT_PRODUCTS_DIR; };
		CB08DD3B4A04143C59BECFC4 /* Parser.swift */ = {isa = PBXFileReference; lastKnownFileType = sourcecode.swift; path = Parser.swift; sourceTree = "<group>"; };
		B200CFD72606F9E100000000 /* BelfioreCodes.swift */ = {isa = PBXFileReference; lastKnownFileType = sourcecode.swift; path = BelfioreCodes.swift; sourceTree = "<group>"; };
		B300CFD82606F9E100000001 /* Assets.xcassets */ = {isa = PBXFileReference; lastKnownFileType = folder.assetcatalog; path = Assets.xcassets; sourceTree = "<group>"; };
		B300CFD92606F9E100000003 /* BelfioreCodes.json */ = {isa = PBXFileReference; lastKnownFileType = text.json; path = BelfioreCodes.json; sourceTree = "<group>"; };
		EECF55C8D9B50305D41C50DC /* App.swift */ = {isa = PBXFileReference; lastKnownFileType = sourcecode.swift; path = App.swift; sourceTree = "<group>"; };
		F1A2B3C4D5E6F708192A3B4D /* ZoomableImageWrapper.swift */ = {isa = PBXFileReference; lastKnownFileType = sourcecode.swift; path = ZoomableImageWrapper.swift; sourceTree = "<group>"; };
		F2B3C4D5E6F708192A3B4C5E /* UpdateInstaller.swift */ = {isa = PBXFileReference; lastKnownFileType = sourcecode.swift; path = UpdateInstaller.swift; sourceTree = "<group>"; };
		C3D4E5F60718293A4B5C6D7F /* countdown.wav */ = {isa = PBXFileReference; lastKnownFileType = audio.wav; path = countdown.wav; sourceTree = "<group>"; };
/* End PBXFileReference section */

/* Begin PBXFrameworksBuildPhase section */
		DFA0ACACB013068B06C33F96 /* Frameworks */ = {
			isa = PBXFrameworksBuildPhase;
			buildActionMask = 2147483647;
			files = (
			);
			runOnlyForDeploymentPostprocessing = 0;
		};
/* End PBXFrameworksBuildPhase section */

/* Begin PBXResourcesBuildPhase section */
		B300CFD72606F9E100000002 /* Resources */ = {
			isa = PBXResourcesBuildPhase;
			buildActionMask = 2147483647;
			files = (
				B300CFD92606F9E100000001 /* Assets.xcassets in Resources */,
				B300CFDA2606F9E100000003 /* BelfioreCodes.json in Resources */,
				C3D4E5F60718293A4B5C6D7E /* countdown.wav in Resources */,
			);
			runOnlyForDeploymentPostprocessing = 0;
		};
/* End PBXResourcesBuildPhase section */

/* Begin PBXGroup section */
		401B55B313CC19E177BBF6D8 /* Supporting Files */ = {
			isa = PBXGroup;
			children = (
				866C48AEA1A9E5053496971D /* Info.plist */,
				B300CFD92606F9E100000003 /* BelfioreCodes.json */,
				C3D4E5F60718293A4B5C6D7F /* countdown.wav */,
			);
			name = "Supporting Files";
			sourceTree = "<group>";
		};
		78C8676D2F5DB841DDAD46E4 /* Sources */ = {
			isa = PBXGroup;
			children = (
				EECF55C8D9B50305D41C50DC /* App.swift */,
				8E14E9594A7E82BF6D614A05 /* MainView.swift */,
				31DC4D06C500D1FFE7E1F2C0 /* CameraView.swift */,
				348691AB3151589787C27FCF /* Scanner.swift */,
				CB08DD3B4A04143C59BECFC4 /* Parser.swift */,
				B200CFD72606F9E100000000 /* BelfioreCodes.swift */,
				F1A2B3C4D5E6F708192A3B4D /* ZoomableImageWrapper.swift */,
				F2B3C4D5E6F708192A3B4C5E /* UpdateInstaller.swift */,
			);
			name = Sources;
			sourceTree = "<group>";
		};
		851AAB9C48BB21B0C2C1AD12 = {
			isa = PBXGroup;
			children = (
				78C8676D2F5DB841DDAD46E4 /* Sources */,
				B300CFD82606F9E100000001 /* Assets.xcassets */,
				401B55B313CC19E177BBF6D8 /* Supporting Files */,
				C769FEA752C22F7B25D62158 /* Products */,
			);
			sourceTree = "<group>";
		};
		C769FEA752C22F7B25D62158 /* Products */ = {
			isa = PBXGroup;
			children = (
				C7EB7E16AEB5926C1DAB2180 /* ScanID.app */,
			);
			name = Products;
			sourceTree = "<group>";
		};
/* End PBXGroup section */

/* Begin PBXNativeTarget section */
		BA23CCDA2A6562449AFDF1AB /* ScanID */ = {
			isa = PBXNativeTarget;
			buildConfigurationList = AF98125393AE29700595FE25 /* Build configuration list for PBXNativeTarget "ScanID" */;
			buildPhases = (
				A0C8AC3BB31C2095048B84B1 /* Sources */,
				DFA0ACACB013068B06C33F96 /* Frameworks */,
				B300CFD72606F9E100000002 /* Resources */,
			);
			buildRules = (
			);
			dependencies = (
			);
			name = ScanID;
			productName = ScanID;
			productReference = C7EB7E16AEB5926C1DAB2180 /* ScanID.app */;
			productType = "com.apple.product-type.application";
		};
/* End PBXNativeTarget section */

/* Begin PBXProject section */
		4907EFA227030F13220C7AA7 /* Project object */ = {
			isa = PBXProject;
			attributes = {
				BuildIndependentTargetsInParallel = 1;
				LastSwiftUpdateCheck = 1500;
				LastUpgradeCheck = 2650;
				TargetAttributes = {
					BA23CCDA2A6562449AFDF1AB = {
						CreatedOnToolsVersion = 15.0;
						LastSwiftMigration = 1500;
					};
				};
			};
			buildConfigurationList = 86915EFDFA9F94BF9FE1F8D9 /* Build configuration list for PBXProject "ScanID" */;
			compatibilityVersion = "Xcode 14.0";
			developmentRegion = en;
			hasScannedForEncodings = 0;
			knownRegions = (
				en,
				Base,
			);
			mainGroup = 851AAB9C48BB21B0C2C1AD12;
			productRefGroup = C769FEA752C22F7B25D62158 /* Products */;
			projectDirPath = "";
			projectRoot = "";
			targets = (
				BA23CCDA2A6562449AFDF1AB /* ScanID */,
			);
		};
/* End PBXProject section */

/* Begin PBXSourcesBuildPhase section */
		A0C8AC3BB31C2095048B84B1 /* Sources */ = {
			isa = PBXSourcesBuildPhase;
			buildActionMask = 2147483647;
			files = (
				BEEE78DAB9C9827BBD252317 /* App.swift in Sources */,
				DA3B398D926110DE8DE85FBE /* MainView.swift in Sources */,
				100A62C3ABF776F5B82A25C3 /* CameraView.swift in Sources */,
				7C1230CF4FAA99FC1899B882 /* Scanner.swift in Sources */,
				A235FA3C671ABDA748EF11B8 /* Parser.swift in Sources */,
				B200CFD82606F9E100000000 /* BelfioreCodes.swift in Sources */,
				F1A2B3C4D5E6F708192A3B4C /* ZoomableImageWrapper.swift in Sources */,
				F2B3C4D5E6F708192A3B4C5D /* UpdateInstaller.swift in Sources */,
			);
			runOnlyForDeploymentPostprocessing = 0;
		};
/* End PBXSourcesBuildPhase section */

/* Begin XCBuildConfiguration section */
		28BBD676A0A8012E632FF339 /* Release */ = {
			isa = XCBuildConfiguration;
			buildSettings = {
				ASSETCATALOG_COMPILER_APPICON_NAME = AppIcon;
				ASSETCATALOG_COMPILER_INCLUDE_ALL_APPICON_ASSETS = YES;
				CODE_SIGN_STYLE = Automatic;
				COMBINE_HIDPI_IMAGES = YES;
				DEAD_CODE_STRIPPING = YES;
				ENABLE_PREVIEWS = NO;
				INFOPLIST_FILE = Info.plist;
				LD_RUNPATH_SEARCH_PATHS = (
					"$(inherited)",
					"@executable_path/../Frameworks",
				);
				MACOSX_DEPLOYMENT_TARGET = 14.0;
				PRODUCT_BUNDLE_IDENTIFIER = com.poligest.ScanID;
				PRODUCT_NAME = "$(TARGET_NAME)";
				SWIFT_VERSION = 5.0;
			};
			name = Release;
		};
		506CED780C37A29DE6813678 /* Debug */ = {
			isa = XCBuildConfiguration;
			buildSettings = {
				ASSETCATALOG_COMPILER_APPICON_NAME = AppIcon;
				ASSETCATALOG_COMPILER_INCLUDE_ALL_APPICON_ASSETS = YES;
				CODE_SIGN_STYLE = Automatic;
				COMBINE_HIDPI_IMAGES = YES;
				DEAD_CODE_STRIPPING = YES;
				ENABLE_PREVIEWS = NO;
				INFOPLIST_FILE = Info.plist;
				LD_RUNPATH_SEARCH_PATHS = (
					"$(inherited)",
					"@executable_path/../Frameworks",
				);
				MACOSX_DEPLOYMENT_TARGET = 14.0;
				PRODUCT_BUNDLE_IDENTIFIER = com.poligest.ScanID;
				PRODUCT_NAME = "$(TARGET_NAME)";
				SWIFT_VERSION = 5.0;
			};
			name = Debug;
		};
		79437373EF6204B52DF3731C /* Debug */ = {
			isa = XCBuildConfiguration;
			buildSettings = {
				ALWAYS_SEARCH_USER_PATHS = NO;
				CLANG_ANALYZER_NONNULL = YES;
				CLANG_ANALYZER_NUMBER_OBJECT_CONVERSION = YES_AGGRESSIVE;
				CLANG_CXX_LANGUAGE_STANDARD = "gnu++20";
				CLANG_CXX_LIBRARY = "libc++";
				CLANG_ENABLE_MODULES = YES;
				CLANG_ENABLE_OBJC_ARC = YES;
				CLANG_ENABLE_OBJC_WEAK = YES;
				CLANG_WARN_BLOCK_CAPTURE_AUTORELEASING = YES;
				CLANG_WARN_BOOL_CONVERSION = YES;
				CLANG_WARN_COMMA = YES;
				CLANG_WARN_CONSTANT_CONVERSION = YES;
				CLANG_WARN_DEPRECATED_OBJC_IMPLEMENTATIONS = YES;
				CLANG_WARN_DIRECT_OBJC_REPLAY = YES;
				CLANG_WARN_DOCUMENTATION_COMMENTS = YES;
				CLANG_WARN_EMPTY_BODY = YES;
				CLANG_WARN_ENUM_CONVERSION = YES;
				CLANG_WARN_INFINITE_RECURSION = YES;
				CLANG_WARN_INT_CONVERSION = YES;
				CLANG_WARN_NON_LITERAL_NULL_CONVERSION = YES;
				CLANG_WARN_OBJC_IMPLICIT_RETAIN_SELF = YES;
				CLANG_WARN_OBJC_LITERAL_CONVERSION = YES;
				CLANG_WARN_OBJC_ROOT_CLASS = YES_ERROR;
				CLANG_WARN_QUOTED_INCLUDE_IN_FRAMEWORK_HEADER = YES;
				CLANG_WARN_RANGE_LOOP_ANALYSIS = YES;
				CLANG_WARN_STRICT_PROTOTYPES = YES;
				CLANG_WARN_SUSPICIOUS_MOVE = YES;
				CLANG_WARN_UNGUARDED_AVAILABILITY = YES_AGGRESSIVE;
				CLANG_WARN_UNREACHABLE_CODE = YES;
				CLANG_WARN__DUPLICATE_METHOD_MATCH = YES;
				COPY_PHASE_STRIP = NO;
				DEAD_CODE_STRIPPING = YES;
				DEBUG_INFORMATION_FORMAT = dwarf;
				ENABLE_STRICT_OBJC_MSGSEND = YES;
				ENABLE_TESTABILITY = YES;
				ENABLE_USER_SCRIPT_SANDBOXING = YES;
				GCC_C_LANGUAGE_STANDARD = gnu11;
				GCC_DYNAMIC_NO_PIC = NO;
				GCC_NO_COMMON_BLOCKS = YES;
				GCC_OPTIMIZATION_LEVEL = 0;
				GCC_PREPROCESSOR_DEFINITIONS = (
					"DEBUG=1",
					"$(inherited)",
				);
				GCC_WARN_64_TO_32_BIT_CONVERSION = YES;
				GCC_WARN_ABOUT_RETURN_TYPE = YES_ERROR;
				GCC_WARN_UNDECLARED_SELECTOR = YES;
				GCC_WARN_UNINITIALIZED_ACTUAL = YES_AGGRESSIVE;
				GCC_WARN_UNINITIALIZED_AUTOS = YES;
				GCC_WARN_UNUSED_FUNCTION = YES;
				GCC_WARN_UNUSED_VARIABLE = YES;
				MACOSX_DEPLOYMENT_TARGET = 14.0;
				MTL_ENABLE_DEBUG_INFO = INCLUDE_SOURCE;
				MTL_FAST_MATH = YES;
				ONLY_ACTIVE_ARCH = YES;
				SDKROOT = macosx;
				STRING_CATALOG_GENERATE_SYMBOLS = NO;
				SWIFT_ACTIVE_COMPILATION_CONDITIONS = DEBUG;
				SWIFT_OPTIMIZATION_LEVEL = "-Onone";
			};
			name = Debug;
		};
		D2D778658943F91CF42FA7E7 /* Release */ = {
			isa = XCBuildConfiguration;
			buildSettings = {
				ALWAYS_SEARCH_USER_PATHS = NO;
				CLANG_ANALYZER_NONNULL = YES;
				CLANG_ANALYZER_NUMBER_OBJECT_CONVERSION = YES_AGGRESSIVE;
				CLANG_CXX_LANGUAGE_STANDARD = "gnu++20";
				CLANG_CXX_LIBRARY = "libc++";
				CLANG_ENABLE_MODULES = YES;
				CLANG_ENABLE_OBJC_ARC = YES;
				CLANG_ENABLE_OBJC_WEAK = YES;
				CLANG_WARN_BLOCK_CAPTURE_AUTORELEASING = YES;
				CLANG_WARN_BOOL_CONVERSION = YES;
				CLANG_WARN_COMMA = YES;
				CLANG_WARN_CONSTANT_CONVERSION = YES;
				CLANG_WARN_DEPRECATED_OBJC_IMPLEMENTATIONS = YES;
				CLANG_WARN_DIRECT_OBJC_REPLAY = YES;
				CLANG_WARN_DOCUMENTATION_COMMENTS = YES;
				CLANG_WARN_EMPTY_BODY = YES;
				CLANG_WARN_ENUM_CONVERSION = YES;
				CLANG_WARN_INFINITE_RECURSION = YES;
				CLANG_WARN_INT_CONVERSION = YES;
				CLANG_WARN_NON_LITERAL_NULL_CONVERSION = YES;
				CLANG_WARN_OBJC_IMPLICIT_RETAIN_SELF = YES;
				CLANG_WARN_OBJC_LITERAL_CONVERSION = YES;
				CLANG_WARN_OBJC_ROOT_CLASS = YES_ERROR;
				CLANG_WARN_QUOTED_INCLUDE_IN_FRAMEWORK_HEADER = YES;
				CLANG_WARN_RANGE_LOOP_ANALYSIS = YES;
				CLANG_WARN_STRICT_PROTOTYPES = YES;
				CLANG_WARN_SUSPICIOUS_MOVE = YES;
				CLANG_WARN_UNGUARDED_AVAILABILITY = YES_AGGRESSIVE;
				CLANG_WARN_UNREACHABLE_CODE = YES;
				CLANG_WARN__DUPLICATE_METHOD_MATCH = YES;
				COPY_PHASE_STRIP = NO;
				DEAD_CODE_STRIPPING = YES;
				DEBUG_INFORMATION_FORMAT = "dwarf-with-dsym";
				ENABLE_NS_ASSERTIONS = NO;
				ENABLE_STRICT_OBJC_MSGSEND = YES;
				ENABLE_USER_SCRIPT_SANDBOXING = YES;
				GCC_C_LANGUAGE_STANDARD = gnu11;
				GCC_NO_COMMON_BLOCKS = YES;
				GCC_WARN_64_TO_32_BIT_CONVERSION = YES;
				GCC_WARN_ABOUT_RETURN_TYPE = YES_ERROR;
				GCC_WARN_UNDECLARED_SELECTOR = YES;
				GCC_WARN_UNINITIALIZED_ACTUAL = YES_AGGRESSIVE;
				GCC_WARN_UNINITIALIZED_AUTOS = YES;
				GCC_WARN_UNUSED_FUNCTION = YES;
				GCC_WARN_UNUSED_VARIABLE = YES;
				MACOSX_DEPLOYMENT_TARGET = 14.0;
				MTL_ENABLE_DEBUG_INFO = NO;
				MTL_FAST_MATH = YES;
				SDKROOT = macosx;
				STRING_CATALOG_GENERATE_SYMBOLS = NO;
				SWIFT_COMPILATION_MODE = wholemodule;
				SWIFT_OPTIMIZATION_LEVEL = "-O";
			};
			name = Release;
		};
/* End XCBuildConfiguration section */

/* Begin XCConfigurationList section */
		86915EFDFA9F94BF9FE1F8D9 /* Build configuration list for PBXProject "ScanID" */ = {
			isa = XCConfigurationList;
			buildConfigurations = (
				79437373EF6204B52DF3731C /* Debug */,
				D2D778658943F91CF42FA7E7 /* Release */,
			);
			defaultConfigurationIsVisible = 0;
			defaultConfigurationName = Release;
		};
		AF98125393AE29700595FE25 /* Build configuration list for PBXNativeTarget "ScanID" */ = {
			isa = XCConfigurationList;
			buildConfigurations = (
				506CED780C37A29DE6813678 /* Debug */,
				28BBD676A0A8012E632FF339 /* Release */,
			);
			defaultConfigurationIsVisible = 0;
			defaultConfigurationName = Release;
		};
/* End XCConfigurationList section */
	};
	rootObject = 4907EFA227030F13220C7AA7 /* Project object */;
}
