// !$*UTF8*$!
{
	archiveVersion = 1;
	classes = {
	};
	objectVersion = 56;
	objects = {

/* Begin PBXBuildFile section */
		13D3A1E14E054B07A1B28D1F /* TransactionFormView.swift in Sources */ = {isa = PBXBuildFile; fileRef = 20121BC6142342D1A3839740 /* TransactionFormView.swift */; };
		15C9BA4E2F4A4D8A9F4D4FF7 /* ContentView.swift in Sources */ = {isa = PBXBuildFile; fileRef = 27BB45979C8149B1AA4DE3D2 /* ContentView.swift */; };
		37191F649CE94DED90C8CBEF /* PDFGenerator.swift in Sources */ = {isa = PBXBuildFile; fileRef = 8855EE58591D4CE1AFACF009 /* PDFGenerator.swift */; };
		463AB7FCEB7E46F68FB78D60 /* QuickNotesApp.swift in Sources */ = {isa = PBXBuildFile; fileRef = E6EEE83BF7A14111A26ACB1A /* QuickNotesApp.swift */; };
		6C84D9A5085745C79D7E628A /* MonthDrillDownView.swift in Sources */ = {isa = PBXBuildFile; fileRef = 0B3E0B23C4E74E0E9C9D10E0 /* MonthDrillDownView.swift */; };
		7527A2228ABF4983A7D4D3C7 /* PatientLookupService.swift in Sources */ = {isa = PBXBuildFile; fileRef = 30CC6754622A412DB52146CE /* PatientLookupService.swift */; };
		80B21D278F0D487EAE75F99E /* FinanceSyncService.swift in Sources */ = {isa = PBXBuildFile; fileRef = C0436616F0644615BA0FF7AA /* FinanceSyncService.swift */; };
		84FC522DE9C34098B3568EA2 /* SettingsView.swift in Sources */ = {isa = PBXBuildFile; fileRef = B8154D1B294E420BA90FC528 /* SettingsView.swift */; };
		93D10817A7294F759669F3DE /* MonthlyReportsView.swift in Sources */ = {isa = PBXBuildFile; fileRef = 86C0553811434C4EA50E5E21 /* MonthlyReportsView.swift */; };
		9B5F32CC92FC47E0B6FC75E8 /* PatientDirectoryView.swift in Sources */ = {isa = PBXBuildFile; fileRef = 7F0D490C89034F25A8796A3B /* PatientDirectoryView.swift */; };
		A9B4D7958A6246A1BC26A7F3 /* LaunchScreen.storyboard in Resources */ = {isa = PBXBuildFile; fileRef = 5EA90F5857CC4F8A9A83A098 /* LaunchScreen.storyboard */; };
		B13579BDF2468ACE13579BDF /* PatientLookupServiceTests.swift in Sources */ = {isa = PBXBuildFile; fileRef = A13579BDF2468ACE13579BDF /* PatientLookupServiceTests.swift */; };
		C22955669053446780FA3C50 /* Assets.xcassets in Resources */ = {isa = PBXBuildFile; fileRef = A330F89F4B05434DA8ECD6D8 /* Assets.xcassets */; };
		C85C0072D4FD4CBCA33DC8B9 /* Transaction.swift in Sources */ = {isa = PBXBuildFile; fileRef = 24AD0A1046A3459A90B30525 /* Transaction.swift */; };
		D13579BDF2468ACE13579BDF /* TransactionStoreTests.swift in Sources */ = {isa = PBXBuildFile; fileRef = C13579BDF2468ACE13579BDF /* TransactionStoreTests.swift */; };
		E13579BDF2468ACE13579BDF /* PDFGeneratorTests.swift in Sources */ = {isa = PBXBuildFile; fileRef = F13579BDF2468ACE13579BDF /* PDFGeneratorTests.swift */; };
		F3BF3EB2BC5249B5980D0A10 /* LockScreenView.swift in Sources */ = {isa = PBXBuildFile; fileRef = E7FF8AEC32E744BA8DEF380F /* LockScreenView.swift */; };
		FA8E3082487F41C78084232D /* BiometricAuthenticator.swift in Sources */ = {isa = PBXBuildFile; fileRef = A0352719DB194D5282AF65BB /* BiometricAuthenticator.swift */; };
/* End PBXBuildFile section */

/* Begin PBXContainerItemProxy section */
		1234567890ABCDEF12345678 /* PBXContainerItemProxy */ = {
			isa = PBXContainerItemProxy;
			containerPortal = BD3A4493999A41828A8EB551 /* Project object */;
			proxyType = 1;
			remoteGlobalIDString = DD14F66B2FBD469CBB0723B7;
			remoteInfo = QuickNotes;
		};
/* End PBXContainerItemProxy section */

/* Begin PBXFileReference section */
		14BA53D92CBA4CC897799E49 /* QuickNotes.app */ = {isa = PBXFileReference; explicitFileType = wrapper.application; includeInIndex = 0; path = QuickNotes.app; sourceTree = BUILT_PRODUCTS_DIR; };
		0B3E0B23C4E74E0E9C9D10E0 /* MonthDrillDownView.swift */ = {isa = PBXFileReference; lastKnownFileType = sourcecode.swift; name = MonthDrillDownView.swift; path = QuickNotes/QuickNotes/MonthDrillDownView.swift; sourceTree = "<group>"; };
		20121BC6142342D1A3839740 /* TransactionFormView.swift */ = {isa = PBXFileReference; lastKnownFileType = sourcecode.swift; name = TransactionFormView.swift; path = QuickNotes/QuickNotes/TransactionFormView.swift; sourceTree = "<group>"; };
		24AD0A1046A3459A90B30525 /* Transaction.swift */ = {isa = PBXFileReference; lastKnownFileType = sourcecode.swift; name = Transaction.swift; path = QuickNotes/QuickNotes/Transaction.swift; sourceTree = "<group>"; };
		27BB45979C8149B1AA4DE3D2 /* ContentView.swift */ = {isa = PBXFileReference; lastKnownFileType = sourcecode.swift; name = ContentView.swift; path = QuickNotes/QuickNotes/ContentView.swift; sourceTree = "<group>"; };
		30CC6754622A412DB52146CE /* PatientLookupService.swift */ = {isa = PBXFileReference; lastKnownFileType = sourcecode.swift; name = PatientLookupService.swift; path = QuickNotes/QuickNotes/PatientLookupService.swift; sourceTree = "<group>"; };
		5EA90F5857CC4F8A9A83A098 /* LaunchScreen.storyboard */ = {isa = PBXFileReference; lastKnownFileType = file.storyboard; name = LaunchScreen.storyboard; path = QuickNotes/QuickNotes/LaunchScreen.storyboard; sourceTree = "<group>"; };
		7F0D490C89034F25A8796A3B /* PatientDirectoryView.swift */ = {isa = PBXFileReference; lastKnownFileType = sourcecode.swift; name = PatientDirectoryView.swift; path = QuickNotes/QuickNotes/PatientDirectoryView.swift; sourceTree = "<group>"; };
		86C0553811434C4EA50E5E21 /* MonthlyReportsView.swift */ = {isa = PBXFileReference; lastKnownFileType = sourcecode.swift; name = MonthlyReportsView.swift; path = QuickNotes/QuickNotes/MonthlyReportsView.swift; sourceTree = "<group>"; };
		8855EE58591D4CE1AFACF009 /* PDFGenerator.swift */ = {isa = PBXFileReference; lastKnownFileType = sourcecode.swift; name = PDFGenerator.swift; path = QuickNotes/QuickNotes/PDFGenerator.swift; sourceTree = "<group>"; };
		8D7965A0F61F4ACC9C2AD0A5 /* Info.plist */ = {isa = PBXFileReference; lastKnownFileType = text.plist.xml; name = Info.plist; path = QuickNotes/QuickNotes/Info.plist; sourceTree = "<group>"; };
		A0352719DB194D5282AF65BB /* BiometricAuthenticator.swift */ = {isa = PBXFileReference; lastKnownFileType = sourcecode.swift; name = BiometricAuthenticator.swift; path = QuickNotes/QuickNotes/BiometricAuthenticator.swift; sourceTree = "<group>"; };
		A13579BDF2468ACE13579BDF /* PatientLookupServiceTests.swift */ = {isa = PBXFileReference; lastKnownFileType = sourcecode.swift; name = PatientLookupServiceTests.swift; path = QuickNotesTests/PatientLookupServiceTests.swift; sourceTree = "<group>"; };
		A330F89F4B05434DA8ECD6D8 /* Assets.xcassets */ = {isa = PBXFileReference; lastKnownFileType = folder.assetcatalog; name = Assets.xcassets; path = QuickNotes/Assets.xcassets; sourceTree = "<group>"; };
		B8154D1B294E420BA90FC528 /* SettingsView.swift */ = {isa = PBXFileReference; lastKnownFileType = sourcecode.swift; name = SettingsView.swift; path = QuickNotes/QuickNotes/SettingsView.swift; sourceTree = "<group>"; };
		BDF2468ACE13579BDF2468AC /* QuickNotesTests.xctest */ = {isa = PBXFileReference; explicitFileType = wrapper.cfbundle; includeInIndex = 0; path = QuickNotesTests.xctest; sourceTree = BUILT_PRODUCTS_DIR; };
		C13579BDF2468ACE13579BDF /* TransactionStoreTests.swift */ = {isa = PBXFileReference; lastKnownFileType = sourcecode.swift; name = TransactionStoreTests.swift; path = QuickNotesTests/TransactionStoreTests.swift; sourceTree = "<group>"; };
		C0436616F0644615BA0FF7AA /* FinanceSyncService.swift */ = {isa = PBXFileReference; lastKnownFileType = sourcecode.swift; name = FinanceSyncService.swift; path = QuickNotes/QuickNotes/FinanceSyncService.swift; sourceTree = "<group>"; };
		E6EEE83BF7A14111A26ACB1A /* QuickNotesApp.swift */ = {isa = PBXFileReference; lastKnownFileType = sourcecode.swift; name = QuickNotesApp.swift; path = QuickNotes/QuickNotes/QuickNotesApp.swift; sourceTree = "<group>"; };
		E7FF8AEC32E744BA8DEF380F /* LockScreenView.swift */ = {isa = PBXFileReference; lastKnownFileType = sourcecode.swift; name = LockScreenView.swift; path = QuickNotes/QuickNotes/LockScreenView.swift; sourceTree = "<group>"; };
		F13579BDF2468ACE13579BDF /* PDFGeneratorTests.swift */ = {isa = PBXFileReference; lastKnownFileType = sourcecode.swift; name = PDFGeneratorTests.swift; path = QuickNotesTests/PDFGeneratorTests.swift; sourceTree = "<group>"; };
/* End PBXFileReference section */

/* Begin PBXFrameworksBuildPhase section */
		79D2AAD2979747B4A39C6BA4 /* Frameworks */ = {
			isa = PBXFrameworksBuildPhase;
			buildActionMask = 2147483647;
			files = (
			);
			runOnlyForDeploymentPostprocessing = 0;
		};
		9ACE13579BDF2468ACE13579 /* Frameworks */ = {
			isa = PBXFrameworksBuildPhase;
			buildActionMask = 2147483647;
			files = (
			);
			runOnlyForDeploymentPostprocessing = 0;
		};
/* End PBXFrameworksBuildPhase section */

/* Begin PBXGroup section */
		88D7DF4812394E7F8D1890DC /* Sources */ = {
			isa = PBXGroup;
			children = (
				E6EEE83BF7A14111A26ACB1A /* QuickNotesApp.swift */,
				27BB45979C8149B1AA4DE3D2 /* ContentView.swift */,
				24AD0A1046A3459A90B30525 /* Transaction.swift */,
				30CC6754622A412DB52146CE /* PatientLookupService.swift */,
				7F0D490C89034F25A8796A3B /* PatientDirectoryView.swift */,
				C0436616F0644615BA0FF7AA /* FinanceSyncService.swift */,
				A0352719DB194D5282AF65BB /* BiometricAuthenticator.swift */,
				8855EE58591D4CE1AFACF009 /* PDFGenerator.swift */,
				E7FF8AEC32E744BA8DEF380F /* LockScreenView.swift */,
				B8154D1B294E420BA90FC528 /* SettingsView.swift */,
				20121BC6142342D1A3839740 /* TransactionFormView.swift */,
				86C0553811434C4EA50E5E21 /* MonthlyReportsView.swift */,
				0B3E0B23C4E74E0E9C9D10E0 /* MonthDrillDownView.swift */,
				5EA90F5857CC4F8A9A83A098 /* LaunchScreen.storyboard */,
			);
			name = Sources;
			sourceTree = "<group>";
		};
		A6378116279341329D7C694C = {
			isa = PBXGroup;
			children = (
				88D7DF4812394E7F8D1890DC /* Sources */,
				9BDF2468ACE13579BDF2468A /* Tests */,
				B01FB8E370324385AEC68731 /* Supporting Files */,
				E501C7F689CB4906B72BC1DE /* Products */,
			);
			sourceTree = "<group>";
		};
		9BDF2468ACE13579BDF2468A /* Tests */ = {
			isa = PBXGroup;
			children = (
				C13579BDF2468ACE13579BDF /* TransactionStoreTests.swift */,
				F13579BDF2468ACE13579BDF /* PDFGeneratorTests.swift */,
				A13579BDF2468ACE13579BDF /* PatientLookupServiceTests.swift */,
			);
			name = Tests;
			sourceTree = "<group>";
		};
		B01FB8E370324385AEC68731 /* Supporting Files */ = {
			isa = PBXGroup;
			children = (
				8D7965A0F61F4ACC9C2AD0A5 /* Info.plist */,
				A330F89F4B05434DA8ECD6D8 /* Assets.xcassets */,
			);
			name = "Supporting Files";
			sourceTree = "<group>";
		};
		E501C7F689CB4906B72BC1DE /* Products */ = {
			isa = PBXGroup;
			children = (
				14BA53D92CBA4CC897799E49 /* QuickNotes.app */,
				BDF2468ACE13579BDF2468AC /* QuickNotesTests.xctest */,
			);
			name = Products;
			sourceTree = "<group>";
		};
/* End PBXGroup section */

/* Begin PBXNativeTarget section */
		DD14F66B2FBD469CBB0723B7 /* QuickNotes */ = {
			isa = PBXNativeTarget;
			buildConfigurationList = 1BE177D1B3D84873A1C948D3 /* Build configuration list for PBXNativeTarget "QuickNotes" */;
			buildPhases = (
				F1134B1923E74B08A52E1B43 /* Auto Increment Build Number */,
				CA88B2FA3EBE4FCDBD684557 /* Sources */,
				79D2AAD2979747B4A39C6BA4 /* Frameworks */,
				BA3A311BFDD940F18AF456CF /* Resources */,
			);
			buildRules = (
			);
			dependencies = (
			);
			name = QuickNotes;
			productName = QuickNotes;
			productReference = 14BA53D92CBA4CC897799E49 /* QuickNotes.app */;
			productType = "com.apple.product-type.application";
		};
		9DF2468ACE13579BDF2468AC /* QuickNotesTests */ = {
			isa = PBXNativeTarget;
			buildConfigurationList = 8ACE13579BDF2468ACE13579 /* Build configuration list for PBXNativeTarget "QuickNotesTests" */;
			buildPhases = (
				8BDF2468ACE13579BDF2468A /* Sources */,
				9ACE13579BDF2468ACE13579 /* Frameworks */,
			);
			buildRules = (
			);
			dependencies = (
				2468ACE13579BDF2468ACE13 /* PBXTargetDependency */,
			);
			name = QuickNotesTests;
			productName = QuickNotesTests;
			productReference = BDF2468ACE13579BDF2468AC /* QuickNotesTests.xctest */;
			productType = "com.apple.product-type.bundle.unit-test";
		};
/* End PBXNativeTarget section */

/* Begin PBXProject section */
		BD3A4493999A41828A8EB551 /* Project object */ = {
			isa = PBXProject;
			attributes = {
				BuildIndependentTargetsInParallel = 1;
				LastSwiftUpdateCheck = 1500;
				LastUpgradeCheck = 2660;
				TargetAttributes = {
					DD14F66B2FBD469CBB0723B7 = {
						CreatedOnToolsVersion = 15.0;
						LastSwiftMigration = 1500;
					};
					9DF2468ACE13579BDF2468AC = {
						CreatedOnToolsVersion = 15.0;
						TestTargetID = DD14F66B2FBD469CBB0723B7;
					};
				};
			};
			buildConfigurationList = DEFEC2A945024D00998D5B88 /* Build configuration list for PBXProject "QuickNotes" */;
			compatibilityVersion = "Xcode 14.0";
			developmentRegion = it;
			hasScannedForEncodings = 0;
			knownRegions = (
				it,
				Base,
			);
			mainGroup = A6378116279341329D7C694C;
			productRefGroup = E501C7F689CB4906B72BC1DE /* Products */;
			projectDirPath = "";
			projectRoot = "";
			targets = (
				DD14F66B2FBD469CBB0723B7 /* QuickNotes */,
				9DF2468ACE13579BDF2468AC /* QuickNotesTests */,
			);
		};
/* End PBXProject section */

/* Begin PBXResourcesBuildPhase section */
		BA3A311BFDD940F18AF456CF /* Resources */ = {
			isa = PBXResourcesBuildPhase;
			buildActionMask = 2147483647;
			files = (
				A9B4D7958A6246A1BC26A7F3 /* LaunchScreen.storyboard in Resources */,
				C22955669053446780FA3C50 /* Assets.xcassets in Resources */,
			);
			runOnlyForDeploymentPostprocessing = 0;
		};
/* End PBXResourcesBuildPhase section */

/* Begin PBXShellScriptBuildPhase section */
		F1134B1923E74B08A52E1B43 /* Auto Increment Build Number */ = {
			isa = PBXShellScriptBuildPhase;
			alwaysOutOfDate = 1;
			buildActionMask = 2147483647;
			files = (
			);
			inputFileListPaths = (
			);
			inputPaths = (
			);
			name = "Auto Increment Build Number";
			outputFileListPaths = (
			);
			outputPaths = (
			);
			runOnlyForDeploymentPostprocessing = 0;
			shellPath = /bin/sh;
			shellScript = "/bin/sh \"$PROJECT_DIR/scripts/increment_build_number.sh\"";
		};
/* End PBXShellScriptBuildPhase section */

/* Begin PBXSourcesBuildPhase section */
		CA88B2FA3EBE4FCDBD684557 /* Sources */ = {
			isa = PBXSourcesBuildPhase;
			buildActionMask = 2147483647;
			files = (
				463AB7FCEB7E46F68FB78D60 /* QuickNotesApp.swift in Sources */,
				15C9BA4E2F4A4D8A9F4D4FF7 /* ContentView.swift in Sources */,
				C85C0072D4FD4CBCA33DC8B9 /* Transaction.swift in Sources */,
				FA8E3082487F41C78084232D /* BiometricAuthenticator.swift in Sources */,
				37191F649CE94DED90C8CBEF /* PDFGenerator.swift in Sources */,
				F3BF3EB2BC5249B5980D0A10 /* LockScreenView.swift in Sources */,
				13D3A1E14E054B07A1B28D1F /* TransactionFormView.swift in Sources */,
				93D10817A7294F759669F3DE /* MonthlyReportsView.swift in Sources */,
				6C84D9A5085745C79D7E628A /* MonthDrillDownView.swift in Sources */,
				7527A2228ABF4983A7D4D3C7 /* PatientLookupService.swift in Sources */,
				9B5F32CC92FC47E0B6FC75E8 /* PatientDirectoryView.swift in Sources */,
				80B21D278F0D487EAE75F99E /* FinanceSyncService.swift in Sources */,
				84FC522DE9C34098B3568EA2 /* SettingsView.swift in Sources */,
			);
			runOnlyForDeploymentPostprocessing = 0;
		};
		8BDF2468ACE13579BDF2468A /* Sources */ = {
			isa = PBXSourcesBuildPhase;
			buildActionMask = 2147483647;
			files = (
				D13579BDF2468ACE13579BDF /* TransactionStoreTests.swift in Sources */,
				E13579BDF2468ACE13579BDF /* PDFGeneratorTests.swift in Sources */,
				B13579BDF2468ACE13579BDF /* PatientLookupServiceTests.swift in Sources */,
			);
			runOnlyForDeploymentPostprocessing = 0;
		};
/* End PBXSourcesBuildPhase section */

/* Begin PBXTargetDependency section */
		2468ACE13579BDF2468ACE13 /* PBXTargetDependency */ = {
			isa = PBXTargetDependency;
			target = DD14F66B2FBD469CBB0723B7 /* QuickNotes */;
			targetProxy = 1234567890ABCDEF12345678 /* PBXContainerItemProxy */;
		};
/* End PBXTargetDependency section */

/* Begin XCBuildConfiguration section */
		68ACE13579BDF2468ACE1357 /* Debug */ = {
			isa = XCBuildConfiguration;
			buildSettings = {
				BUNDLE_LOADER = "$(TEST_HOST)";
				CODE_SIGN_STYLE = Automatic;
				GENERATE_INFOPLIST_FILE = YES;
				IPHONEOS_DEPLOYMENT_TARGET = 16.0;
				LD_RUNPATH_SEARCH_PATHS = (
					"$(inherited)",
					"@executable_path/Frameworks",
					"@loader_path/Frameworks",
				);
				PRODUCT_BUNDLE_IDENTIFIER = com.poligest.QuickNotesTests;
				PRODUCT_NAME = "$(TARGET_NAME)";
				SWIFT_EMIT_CONST_VALUE_PROTOCOLS = " ";
				SWIFT_VERSION = 5.0;
				TARGETED_DEVICE_FAMILY = "1,2";
				TEST_HOST = "$(BUILT_PRODUCTS_DIR)/QuickNotes.app/$(BUNDLE_EXECUTABLE_FOLDER_PATH)/QuickNotes";
			};
			name = Debug;
		};
		79BDF2468ACE13579BDF2468 /* Release */ = {
			isa = XCBuildConfiguration;
			buildSettings = {
				BUNDLE_LOADER = "$(TEST_HOST)";
				CODE_SIGN_STYLE = Automatic;
				GENERATE_INFOPLIST_FILE = YES;
				IPHONEOS_DEPLOYMENT_TARGET = 16.0;
				LD_RUNPATH_SEARCH_PATHS = (
					"$(inherited)",
					"@executable_path/Frameworks",
					"@loader_path/Frameworks",
				);
				PRODUCT_BUNDLE_IDENTIFIER = com.poligest.QuickNotesTests;
				PRODUCT_NAME = "$(TARGET_NAME)";
				SWIFT_EMIT_CONST_VALUE_PROTOCOLS = " ";
				SWIFT_VERSION = 5.0;
				TARGETED_DEVICE_FAMILY = "1,2";
				TEST_HOST = "$(BUILT_PRODUCTS_DIR)/QuickNotes.app/$(BUNDLE_EXECUTABLE_FOLDER_PATH)/QuickNotes";
			};
			name = Release;
		};
		10E0F689EE7547F2934E4BC8 /* Debug */ = {
			isa = XCBuildConfiguration;
			buildSettings = {
				ASSETCATALOG_COMPILER_APPICON_NAME = AppIcon;
				"ASSETCATALOG_COMPILER_APPICON_NAME[sdk=iphonesimulator*]" = "";
				ASSETCATALOG_COMPILER_GLOBAL_ACCENT_COLOR_NAME = AccentColor;
				APP_SHORTCUTS_ENABLE_FLEXIBLE_MATCHING = NO;
				CODE_SIGN_STYLE = Automatic;
				CURRENT_PROJECT_VERSION = 12;
				ENABLE_APP_INTENTS_METADATA = NO;
				ENABLE_PREVIEWS = YES;
				ENABLE_USER_SCRIPT_SANDBOXING = NO;
				INFOPLIST_FILE = QuickNotes/QuickNotes/Info.plist;
				IPHONEOS_DEPLOYMENT_TARGET = 16.0;
				LD_RUNPATH_SEARCH_PATHS = (
					"$(inherited)",
					"@executable_path/Frameworks",
				);
				MARKETING_VERSION = 1.0;
				PRODUCT_BUNDLE_IDENTIFIER = com.poligest.QuickNotes;
				PRODUCT_NAME = "$(TARGET_NAME)";
				SUPPORTED_PLATFORMS = "iphoneos iphonesimulator";
				SWIFT_EMIT_CONST_VALUE_PROTOCOLS = " ";
				SWIFT_EMIT_LOC_STRINGS = YES;
				SWIFT_VERSION = 5.0;
				TARGETED_DEVICE_FAMILY = "1,2";
				VERSIONING_SYSTEM = "apple-generic";
			};
			name = Debug;
		};
		356009896C7841A5A2D1AE62 /* Release */ = {
			isa = XCBuildConfiguration;
			buildSettings = {
				ASSETCATALOG_COMPILER_APPICON_NAME = AppIcon;
				"ASSETCATALOG_COMPILER_APPICON_NAME[sdk=iphonesimulator*]" = "";
				ASSETCATALOG_COMPILER_GLOBAL_ACCENT_COLOR_NAME = AccentColor;
				APP_SHORTCUTS_ENABLE_FLEXIBLE_MATCHING = NO;
				CODE_SIGN_STYLE = Automatic;
				CURRENT_PROJECT_VERSION = 12;
				ENABLE_APP_INTENTS_METADATA = NO;
				ENABLE_PREVIEWS = YES;
				ENABLE_USER_SCRIPT_SANDBOXING = NO;
				INFOPLIST_FILE = QuickNotes/QuickNotes/Info.plist;
				IPHONEOS_DEPLOYMENT_TARGET = 16.0;
				LD_RUNPATH_SEARCH_PATHS = (
					"$(inherited)",
					"@executable_path/Frameworks",
				);
				MARKETING_VERSION = 1.0;
				PRODUCT_BUNDLE_IDENTIFIER = com.poligest.QuickNotes;
				PRODUCT_NAME = "$(TARGET_NAME)";
				SUPPORTED_PLATFORMS = "iphoneos iphonesimulator";
				SWIFT_EMIT_CONST_VALUE_PROTOCOLS = " ";
				SWIFT_EMIT_LOC_STRINGS = YES;
				SWIFT_VERSION = 5.0;
				TARGETED_DEVICE_FAMILY = "1,2";
				VERSIONING_SYSTEM = "apple-generic";
			};
			name = Release;
		};
		BC53DFD9ED7E48059B4E10F3 /* Release */ = {
			isa = XCBuildConfiguration;
			buildSettings = {
				ALWAYS_SEARCH_USER_PATHS = NO;
				CLANG_ANALYZER_NONNULL = YES;
				CLANG_ANALYZER_NUMBER_OBJECT_CONVERSION = YES_AGGRESSIVE;
				CLANG_CXX_LANGUAGE_STANDARD = "gnu++20";
				CLANG_CXX_LIBRARY = "libc++";
				CLANG_ENABLE_MODULES = YES;
				CLANG_ENABLE_OBJC_ARC = YES;
				CLANG_ENABLE_OBJC_WEAK = YES;
				CLANG_WARN_BLOCK_CAPTURE_AUTORELEASING = YES;
				CLANG_WARN_BOOL_CONVERSION = YES;
				CLANG_WARN_COMMA = YES;
				CLANG_WARN_CONSTANT_CONVERSION = YES;
				CLANG_WARN_DEPRECATED_OBJC_IMPLEMENTATIONS = YES;
				CLANG_WARN_DIRECT_OBJC_REPLAY = YES;
				CLANG_WARN_DOCUMENTATION_COMMENTS = YES;
				CLANG_WARN_EMPTY_BODY = YES;
				CLANG_WARN_ENUM_CONVERSION = YES;
				CLANG_WARN_INFINITE_RECURSION = YES;
				CLANG_WARN_INT_CONVERSION = YES;
				CLANG_WARN_NON_LITERAL_NULL_CONVERSION = YES;
				CLANG_WARN_OBJC_IMPLICIT_RETAIN_SELF = YES;
				CLANG_WARN_OBJC_LITERAL_CONVERSION = YES;
				CLANG_WARN_OBJC_ROOT_CLASS = YES_ERROR;
				CLANG_WARN_QUOTED_INCLUDE_IN_FRAMEWORK_HEADER = YES;
				CLANG_WARN_RANGE_LOOP_ANALYSIS = YES;
				CLANG_WARN_STRICT_PROTOTYPES = YES;
				CLANG_WARN_SUSPICIOUS_MOVE = YES;
				CLANG_WARN_UNGUARDED_AVAILABILITY = YES_AGGRESSIVE;
				CLANG_WARN_UNREACHABLE_CODE = YES;
				CLANG_WARN__DUPLICATE_METHOD_MATCH = YES;
				COPY_PHASE_STRIP = NO;
				DEBUG_INFORMATION_FORMAT = "dwarf-with-dsym";
				DEVELOPMENT_TEAM = QQ9PTQU945;
				ENABLE_NS_ASSERTIONS = NO;
				ENABLE_STRICT_OBJC_MSGSEND = YES;
				ENABLE_USER_SCRIPT_SANDBOXING = YES;
				GCC_C_LANGUAGE_STANDARD = gnu11;
				GCC_NO_COMMON_BLOCKS = YES;
				GCC_WARN_64_TO_32_BIT_CONVERSION = YES;
				GCC_WARN_ABOUT_RETURN_TYPE = YES_ERROR;
				GCC_WARN_UNDECLARED_SELECTOR = YES;
				GCC_WARN_UNINITIALIZED_ACTUAL = YES_AGGRESSIVE;
				GCC_WARN_UNINITIALIZED_AUTOS = YES;
				GCC_WARN_UNUSED_FUNCTION = YES;
				GCC_WARN_UNUSED_VARIABLE = YES;
				IPHONEOS_DEPLOYMENT_TARGET = 16.0;
				MTL_ENABLE_DEBUG_INFO = NO;
				MTL_FAST_MATH = YES;
				SDKROOT = iphoneos;
				STRING_CATALOG_GENERATE_SYMBOLS = YES;
				SWIFT_COMPILATION_MODE = wholemodule;
				SWIFT_OPTIMIZATION_LEVEL = "-O";
			};
			name = Release;
		};
		E6D5E74B0AA14149B0089C27 /* Debug */ = {
			isa = XCBuildConfiguration;
			buildSettings = {
				ALWAYS_SEARCH_USER_PATHS = NO;
				CLANG_ANALYZER_NONNULL = YES;
				CLANG_ANALYZER_NUMBER_OBJECT_CONVERSION = YES_AGGRESSIVE;
				CLANG_CXX_LANGUAGE_STANDARD = "gnu++20";
				CLANG_CXX_LIBRARY = "libc++";
				CLANG_ENABLE_MODULES = YES;
				CLANG_ENABLE_OBJC_ARC = YES;
				CLANG_ENABLE_OBJC_WEAK = YES;
				CLANG_WARN_BLOCK_CAPTURE_AUTORELEASING = YES;
				CLANG_WARN_BOOL_CONVERSION = YES;
				CLANG_WARN_COMMA = YES;
				CLANG_WARN_CONSTANT_CONVERSION = YES;
				CLANG_WARN_DEPRECATED_OBJC_IMPLEMENTATIONS = YES;
				CLANG_WARN_DIRECT_OBJC_REPLAY = YES;
				CLANG_WARN_DOCUMENTATION_COMMENTS = YES;
				CLANG_WARN_EMPTY_BODY = YES;
				CLANG_WARN_ENUM_CONVERSION = YES;
				CLANG_WARN_INFINITE_RECURSION = YES;
				CLANG_WARN_INT_CONVERSION = YES;
				CLANG_WARN_NON_LITERAL_NULL_CONVERSION = YES;
				CLANG_WARN_OBJC_IMPLICIT_RETAIN_SELF = YES;
				CLANG_WARN_OBJC_LITERAL_CONVERSION = YES;
				CLANG_WARN_OBJC_ROOT_CLASS = YES_ERROR;
				CLANG_WARN_QUOTED_INCLUDE_IN_FRAMEWORK_HEADER = YES;
				CLANG_WARN_RANGE_LOOP_ANALYSIS = YES;
				CLANG_WARN_STRICT_PROTOTYPES = YES;
				CLANG_WARN_SUSPICIOUS_MOVE = YES;
				CLANG_WARN_UNGUARDED_AVAILABILITY = YES_AGGRESSIVE;
				CLANG_WARN_UNREACHABLE_CODE = YES;
				CLANG_WARN__DUPLICATE_METHOD_MATCH = YES;
				COPY_PHASE_STRIP = NO;
				DEBUG_INFORMATION_FORMAT = dwarf;
				DEVELOPMENT_TEAM = QQ9PTQU945;
				ENABLE_STRICT_OBJC_MSGSEND = YES;
				ENABLE_TESTABILITY = YES;
				ENABLE_USER_SCRIPT_SANDBOXING = YES;
				GCC_C_LANGUAGE_STANDARD = gnu11;
				GCC_DYNAMIC_NO_PIC = NO;
				GCC_NO_COMMON_BLOCKS = YES;
				GCC_OPTIMIZATION_LEVEL = 0;
				GCC_PREPROCESSOR_DEFINITIONS = (
					"DEBUG=1",
					"$(inherited)",
				);
				GCC_WARN_64_TO_32_BIT_CONVERSION = YES;
				GCC_WARN_ABOUT_RETURN_TYPE = YES_ERROR;
				GCC_WARN_UNDECLARED_SELECTOR = YES;
				GCC_WARN_UNINITIALIZED_ACTUAL = YES_AGGRESSIVE;
				GCC_WARN_UNINITIALIZED_AUTOS = YES;
				GCC_WARN_UNUSED_FUNCTION = YES;
				GCC_WARN_UNUSED_VARIABLE = YES;
				IPHONEOS_DEPLOYMENT_TARGET = 16.0;
				MTL_ENABLE_DEBUG_INFO = INCLUDE_SOURCE;
				MTL_FAST_MATH = YES;
				ONLY_ACTIVE_ARCH = YES;
				SDKROOT = iphoneos;
				STRING_CATALOG_GENERATE_SYMBOLS = YES;
				SWIFT_ACTIVE_COMPILATION_CONDITIONS = DEBUG;
				SWIFT_OPTIMIZATION_LEVEL = "-Onone";
			};
			name = Debug;
		};
/* End XCBuildConfiguration section */

/* Begin XCConfigurationList section */
		1BE177D1B3D84873A1C948D3 /* Build configuration list for PBXNativeTarget "QuickNotes" */ = {
			isa = XCConfigurationList;
			buildConfigurations = (
				10E0F689EE7547F2934E4BC8 /* Debug */,
				356009896C7841A5A2D1AE62 /* Release */,
			);
			defaultConfigurationIsVisible = 0;
			defaultConfigurationName = Release;
		};
		8ACE13579BDF2468ACE13579 /* Build configuration list for PBXNativeTarget "QuickNotesTests" */ = {
			isa = XCConfigurationList;
			buildConfigurations = (
				68ACE13579BDF2468ACE1357 /* Debug */,
				79BDF2468ACE13579BDF2468 /* Release */,
			);
			defaultConfigurationIsVisible = 0;
			defaultConfigurationName = Release;
		};
		DEFEC2A945024D00998D5B88 /* Build configuration list for PBXProject "QuickNotes" */ = {
			isa = XCConfigurationList;
			buildConfigurations = (
				E6D5E74B0AA14149B0089C27 /* Debug */,
				BC53DFD9ED7E48059B4E10F3 /* Release */,
			);
			defaultConfigurationIsVisible = 0;
			defaultConfigurationName = Release;
		};
/* End XCConfigurationList section */
	};
	rootObject = BD3A4493999A41828A8EB551 /* Project object */;
}
